// !$*UTF8*$!
{
	archiveVersion = 1;
	classes = {
	};
	objectVersion = 55;
	objects = {

/* Begin PBXBuildFile section */
		323F3819315F7BFC0614797D /* Pods_GoogleMapGB.framework in Frameworks */ = {isa = PBXBuildFile; fileRef = 818F6B93EF2B84E2DB72A24D /* Pods_GoogleMapGB.framework */; };
		871BC4F4284F851300784B19 /* LocationManager.swift in Sources */ = {isa = PBXBuildFile; fileRef = 871BC4F3284F851300784B19 /* LocationManager.swift */; };
		8724C2502844C68200D48FE5 /* StringCrypographic.swift in Sources */ = {isa = PBXBuildFile; fileRef = 8724C24F2844C68200D48FE5 /* StringCrypographic.swift */; };
		8725F2AB2858957E001412C0 /* ImagePicker.swift in Sources */ = {isa = PBXBuildFile; fileRef = 8725F2AA2858957E001412C0 /* ImagePicker.swift */; };
		8725F2AD285895E7001412C0 /* UIImage.swift in Sources */ = {isa = PBXBuildFile; fileRef = 8725F2AC285895E7001412C0 /* UIImage.swift */; };
		8730DB99283A7CE600BBF2BF /* Array.swift in Sources */ = {isa = PBXBuildFile; fileRef = 8730DB98283A7CE600BBF2BF /* Array.swift */; };
		8730DB9B283A7D1000BBF2BF /* Location.swift in Sources */ = {isa = PBXBuildFile; fileRef = 8730DB9A283A7D1000BBF2BF /* Location.swift */; };
		8730DB9D283A7D1800BBF2BF /* AllRealmDB.swift in Sources */ = {isa = PBXBuildFile; fileRef = 8730DB9C283A7D1800BBF2BF /* AllRealmDB.swift */; };
		87441DDB283E78BA00E8B55F /* User.swift in Sources */ = {isa = PBXBuildFile; fileRef = 87441DDA283E78BA00E8B55F /* User.swift */; };
		87441DDD283E798500E8B55F /* LoginViewController.swift in Sources */ = {isa = PBXBuildFile; fileRef = 87441DDC283E798500E8B55F /* LoginViewController.swift */; };
		87441DDF283E7B9200E8B55F /* R.swift in Sources */ = {isa = PBXBuildFile; fileRef = 87441DDE283E7B9200E8B55F /* R.swift */; };
		87441DE3283E7C0C00E8B55F /* Login.storyboard in Resources */ = {isa = PBXBuildFile; fileRef = 87441DE2283E7C0C00E8B55F /* Login.storyboard */; };
		87441DE5283E7EB900E8B55F /* Register.storyboard in Resources */ = {isa = PBXBuildFile; fileRef = 87441DE4283E7EB900E8B55F /* Register.storyboard */; };
		87441DE7283E7EC900E8B55F /* RegisterViewController.swift in Sources */ = {isa = PBXBuildFile; fileRef = 87441DE6283E7EC900E8B55F /* RegisterViewController.swift */; };
		87DE783D28328A6F00D6C9EA /* AppDelegate.swift in Sources */ = {isa = PBXBuildFile; fileRef = 87DE783C28328A6F00D6C9EA /* AppDelegate.swift */; };
		87DE783F28328A6F00D6C9EA /* SceneDelegate.swift in Sources */ = {isa = PBXBuildFile; fileRef = 87DE783E28328A6F00D6C9EA /* SceneDelegate.swift */; };
		87DE784128328A6F00D6C9EA /* MapViewController.swift in Sources */ = {isa = PBXBuildFile; fileRef = 87DE784028328A6F00D6C9EA /* MapViewController.swift */; };
		87DE784428328A6F00D6C9EA /* MainMenu.storyboard in Resources */ = {isa = PBXBuildFile; fileRef = 87DE784228328A6F00D6C9EA /* MainMenu.storyboard */; };
		87DE784628328A7100D6C9EA /* Assets.xcassets in Resources */ = {isa = PBXBuildFile; fileRef = 87DE784528328A7100D6C9EA /* Assets.xcassets */; };
		87DE784928328A7100D6C9EA /* LaunchScreen.storyboard in Resources */ = {isa = PBXBuildFile; fileRef = 87DE784728328A7100D6C9EA /* LaunchScreen.storyboard */; };
/* End PBXBuildFile section */

/* Begin PBXFileReference section */
		170720D96D289FDC520255AE /* Pods-GoogleMapGB.release.xcconfig */ = {isa = PBXFileReference; includeInIndex = 1; lastKnownFileType = text.xcconfig; name = "Pods-GoogleMapGB.release.xcconfig"; path = "Target Support Files/Pods-GoogleMapGB/Pods-GoogleMapGB.release.xcconfig"; sourceTree = "<group>"; };
		818F6B93EF2B84E2DB72A24D /* Pods_GoogleMapGB.framework */ = {isa = PBXFileReference; explicitFileType = wrapper.framework; includeInIndex = 0; path = Pods_GoogleMapGB.framework; sourceTree = BUILT_PRODUCTS_DIR; };
		871BC4F3284F851300784B19 /* LocationManager.swift */ = {isa = PBXFileReference; lastKnownFileType = sourcecode.swift; path = LocationManager.swift; sourceTree = "<group>"; };
		8724C24F2844C68200D48FE5 /* StringCrypographic.swift */ = {isa = PBXFileReference; lastKnownFileType = sourcecode.swift; path = StringCrypographic.swift; sourceTree = "<group>"; };
		8725F2AA2858957E001412C0 /* ImagePicker.swift */ = {isa = PBXFileReference; lastKnownFileType = sourcecode.swift; path = ImagePicker.swift; sourceTree = "<group>"; };
		8725F2AC285895E7001412C0 /* UIImage.swift */ = {isa = PBXFileReference; lastKnownFileType = sourcecode.swift; path = UIImage.swift; sourceTree = "<group>"; };
		8730DB98283A7CE600BBF2BF /* Array.swift */ = {isa = PBXFileReference; fileEncoding = 4; lastKnownFileType = sourcecode.swift; path = Array.swift; sourceTree = "<group>"; };
		8730DB9A283A7D1000BBF2BF /* Location.swift */ = {isa = PBXFileReference; fileEncoding = 4; lastKnownFileType = sourcecode.swift; name = Location.swift; path = ../../../../123/App/Entity/Location.swift; sourceTree = "<group>"; };
		8730DB9C283A7D1800BBF2BF /* AllRealmDB.swift */ = {isa = PBXFileReference; fileEncoding = 4; lastKnownFileType = sourcecode.swift; name = AllRealmDB.swift; path = ../../../../123/App/DatabaseRealm/AllRealmDB.swift; sourceTree = "<group>"; };
		87441DDA283E78BA00E8B55F /* User.swift */ = {isa = PBXFileReference; lastKnownFileType = sourcecode.swift; path = User.swift; sourceTree = "<group>"; };
		87441DDC283E798500E8B55F /* LoginViewController.swift */ = {isa = PBXFileReference; lastKnownFileType = sourcecode.swift; path = LoginViewController.swift; sourceTree = "<group>"; };
		87441DDE283E7B9200E8B55F /* R.swift */ = {isa = PBXFileReference; lastKnownFileType = sourcecode.swift; path = R.swift; sourceTree = "<group>"; };
		87441DE2283E7C0C00E8B55F /* Login.storyboard */ = {isa = PBXFileReference; lastKnownFileType = file.storyboard; path = Login.storyboard; sourceTree = "<group>"; };
		87441DE4283E7EB900E8B55F /* Register.storyboard */ = {isa = PBXFileReference; lastKnownFileType = file.storyboard; path = Register.storyboard; sourceTree = "<group>"; };
		87441DE6283E7EC900E8B55F /* RegisterViewController.swift */ = {isa = PBXFileReference; lastKnownFileType = sourcecode.swift; path = RegisterViewController.swift; sourceTree = "<group>"; };
		87DE783928328A6E00D6C9EA /* GoogleMapGB.app */ = {isa = PBXFileReference; explicitFileType = wrapper.application; includeInIndex = 0; path = GoogleMapGB.app; sourceTree = BUILT_PRODUCTS_DIR; };
		87DE783C28328A6F00D6C9EA /* AppDelegate.swift */ = {isa = PBXFileReference; lastKnownFileType = sourcecode.swift; path = AppDelegate.swift; sourceTree = "<group>"; };
		87DE783E28328A6F00D6C9EA /* SceneDelegate.swift */ = {isa = PBXFileReference; lastKnownFileType = sourcecode.swift; path = SceneDelegate.swift; sourceTree = "<group>"; };
		87DE784028328A6F00D6C9EA /* MapViewController.swift */ = {isa = PBXFileReference; lastKnownFileType = sourcecode.swift; path = MapViewController.swift; sourceTree = "<group>"; };
		87DE784328328A6F00D6C9EA /* Base */ = {isa = PBXFileReference; lastKnownFileType = file.storyboard; name = Base; path = Base.lproj/MainMenu.storyboard; sourceTree = "<group>"; };
		87DE784528328A7100D6C9EA /* Assets.xcassets */ = {isa = PBXFileReference; lastKnownFileType = folder.assetcatalog; path = Assets.xcassets; sourceTree = "<group>"; };
		87DE784828328A7100D6C9EA /* Base */ = {isa = PBXFileReference; lastKnownFileType = file.storyboard; name = Base; path = Base.lproj/LaunchScreen.storyboard; sourceTree = "<group>"; };
		87DE784A28328A7100D6C9EA /* Info.plist */ = {isa = PBXFileReference; lastKnownFileType = text.plist.xml; path = Info.plist; sourceTree = "<group>"; };
		CAEA187AE7F7F410A0650DAD /* Pods-GoogleMapGB.debug.xcconfig */ = {isa = PBXFileReference; includeInIndex = 1; lastKnownFileType = text.xcconfig; name = "Pods-GoogleMapGB.debug.xcconfig"; path = "Target Support Files/Pods-GoogleMapGB/Pods-GoogleMapGB.debug.xcconfig"; sourceTree = "<group>"; };
/* End PBXFileReference section */

/* Begin PBXFrameworksBuildPhase section */
		87DE783628328A6E00D6C9EA /* Frameworks */ = {
			isa = PBXFrameworksBuildPhase;
			buildActionMask = 2147483647;
			files = (
				323F3819315F7BFC0614797D /* Pods_GoogleMapGB.framework in Frameworks */,
			);
			runOnlyForDeploymentPostprocessing = 0;
		};
/* End PBXFrameworksBuildPhase section */

/* Begin PBXGroup section */
		8730DB91283A7B7B00BBF2BF /* App */ = {
			isa = PBXGroup;
			children = (
				87DE783C28328A6F00D6C9EA /* AppDelegate.swift */,
				87DE783E28328A6F00D6C9EA /* SceneDelegate.swift */,
				8730DB93283A7BB600BBF2BF /* General */,
				8730DB96283A7BD100BBF2BF /* DatabaseRealm */,
				8730DB94283A7BC000BBF2BF /* Entity */,
				8730DB95283A7BC800BBF2BF /* Flows */,
			);
			path = App;
			sourceTree = "<group>";
		};
		8730DB92283A7B8300BBF2BF /* Resources */ = {
			isa = PBXGroup;
			children = (
				87DE784728328A7100D6C9EA /* LaunchScreen.storyboard */,
				87DE784528328A7100D6C9EA /* Assets.xcassets */,
			);
			path = Resources;
			sourceTree = "<group>";
		};
		8730DB93283A7BB600BBF2BF /* General */ = {
			isa = PBXGroup;
			children = (
				87441DDE283E7B9200E8B55F /* R.swift */,
				8730DB97283A7CE600BBF2BF /* extensions */,
			);
			path = General;
			sourceTree = "<group>";
		};
		8730DB94283A7BC000BBF2BF /* Entity */ = {
			isa = PBXGroup;
			children = (
				8730DB9A283A7D1000BBF2BF /* Location.swift */,
				87441DDA283E78BA00E8B55F /* User.swift */,
				871BC4F3284F851300784B19 /* LocationManager.swift */,
			);
			path = Entity;
			sourceTree = "<group>";
		};
		8730DB95283A7BC800BBF2BF /* Flows */ = {
			isa = PBXGroup;
			children = (
				87441DE1283E7BF100E8B55F /* Storyboards */,
				87441DE0283E7BE500E8B55F /* ViewControllers */,
			);
			path = Flows;
			sourceTree = "<group>";
		};
		8730DB96283A7BD100BBF2BF /* DatabaseRealm */ = {
			isa = PBXGroup;
			children = (
				8730DB9C283A7D1800BBF2BF /* AllRealmDB.swift */,
			);
			path = DatabaseRealm;
			sourceTree = "<group>";
		};
		8730DB97283A7CE600BBF2BF /* extensions */ = {
			isa = PBXGroup;
			children = (
				8730DB98283A7CE600BBF2BF /* Array.swift */,
				8724C24F2844C68200D48FE5 /* StringCrypographic.swift */,
				8725F2AA2858957E001412C0 /* ImagePicker.swift */,
				8725F2AC285895E7001412C0 /* UIImage.swift */,
			);
			name = extensions;
			path = ../../../../123/App/General/extensions;
			sourceTree = "<group>";
		};
		87441DE0283E7BE500E8B55F /* ViewControllers */ = {
			isa = PBXGroup;
			children = (
				87441DDC283E798500E8B55F /* LoginViewController.swift */,
				87DE784028328A6F00D6C9EA /* MapViewController.swift */,
				87441DE6283E7EC900E8B55F /* RegisterViewController.swift */,
			);
			path = ViewControllers;
			sourceTree = "<group>";
		};
		87441DE1283E7BF100E8B55F /* Storyboards */ = {
			isa = PBXGroup;
			children = (
				87441DE2283E7C0C00E8B55F /* Login.storyboard */,
				87DE784228328A6F00D6C9EA /* MainMenu.storyboard */,
				87441DE4283E7EB900E8B55F /* Register.storyboard */,
			);
			path = Storyboards;
			sourceTree = "<group>";
		};
		87DE783028328A6E00D6C9EA = {
			isa = PBXGroup;
			children = (
				87DE783B28328A6F00D6C9EA /* GoogleMapGB */,
				87DE783A28328A6E00D6C9EA /* Products */,
				9D8424BFE240DE5277C7C268 /* Pods */,
				BB2CC38E45AE318BE5208695 /* Frameworks */,
			);
			sourceTree = "<group>";
		};
		87DE783A28328A6E00D6C9EA /* Products */ = {
			isa = PBXGroup;
			children = (
				87DE783928328A6E00D6C9EA /* GoogleMapGB.app */,
			);
			name = Products;
			sourceTree = "<group>";
		};
		87DE783B28328A6F00D6C9EA /* GoogleMapGB */ = {
			isa = PBXGroup;
			children = (
				8730DB91283A7B7B00BBF2BF /* App */,
				8730DB92283A7B8300BBF2BF /* Resources */,
				87DE784A28328A7100D6C9EA /* Info.plist */,
			);
			path = GoogleMapGB;
			sourceTree = "<group>";
		};
		9D8424BFE240DE5277C7C268 /* Pods */ = {
			isa = PBXGroup;
			children = (
				CAEA187AE7F7F410A0650DAD /* Pods-GoogleMapGB.debug.xcconfig */,
				170720D96D289FDC520255AE /* Pods-GoogleMapGB.release.xcconfig */,
			);
			path = Pods;
			sourceTree = "<group>";
		};
		BB2CC38E45AE318BE5208695 /* Frameworks */ = {
			isa = PBXGroup;
			children = (
				818F6B93EF2B84E2DB72A24D /* Pods_GoogleMapGB.framework */,
			);
			name = Frameworks;
			sourceTree = "<group>";
		};
/* End PBXGroup section */

/* Begin PBXNativeTarget section */
		87DE783828328A6E00D6C9EA /* GoogleMapGB */ = {
			isa = PBXNativeTarget;
			buildConfigurationList = 87DE784D28328A7100D6C9EA /* Build configuration list for PBXNativeTarget "GoogleMapGB" */;
			buildPhases = (
				C4A1059039205D2E2E96008D /* [CP] Check Pods Manifest.lock */,
				87DE783528328A6E00D6C9EA /* Sources */,
				87DE783628328A6E00D6C9EA /* Frameworks */,
				87DE783728328A6E00D6C9EA /* Resources */,
				256EFD61704FA6AF168111DF /* [CP] Copy Pods Resources */,
				17CF2F44E5331D3648583F8F /* [CP] Embed Pods Frameworks */,
			);
			buildRules = (
			);
			dependencies = (
			);
			name = GoogleMapGB;
			productName = GoogleMapGB;
			productReference = 87DE783928328A6E00D6C9EA /* GoogleMapGB.app */;
			productType = "com.apple.product-type.application";
		};
/* End PBXNativeTarget section */

/* Begin PBXProject section */
		87DE783128328A6E00D6C9EA /* Project object */ = {
			isa = PBXProject;
			attributes = {
				BuildIndependentTargetsInParallel = 1;
				LastSwiftUpdateCheck = 1320;
				LastUpgradeCheck = 1320;
				TargetAttributes = {
					87DE783828328A6E00D6C9EA = {
						CreatedOnToolsVersion = 13.2.1;
					};
				};
			};
			buildConfigurationList = 87DE783428328A6E00D6C9EA /* Build configuration list for PBXProject "GoogleMapGB" */;
			compatibilityVersion = "Xcode 13.0";
			developmentRegion = en;
			hasScannedForEncodings = 0;
			knownRegions = (
				en,
				Base,
			);
			mainGroup = 87DE783028328A6E00D6C9EA;
			productRefGroup = 87DE783A28328A6E00D6C9EA /* Products */;
			projectDirPath = "";
			projectRoot = "";
			targets = (
				87DE783828328A6E00D6C9EA /* GoogleMapGB */,
			);
		};
/* End PBXProject section */

/* Begin PBXResourcesBuildPhase section */
		87DE783728328A6E00D6C9EA /* Resources */ = {
			isa = PBXResourcesBuildPhase;
			buildActionMask = 2147483647;
			files = (
				87441DE3283E7C0C00E8B55F /* Login.storyboard in Resources */,
				87DE784928328A7100D6C9EA /* LaunchScreen.storyboard in Resources */,
				87DE784628328A7100D6C9EA /* Assets.xcassets in Resources */,
				87DE784428328A6F00D6C9EA /* MainMenu.storyboard in Resources */,
				87441DE5283E7EB900E8B55F /* Register.storyboard in Resources */,
			);
			runOnlyForDeploymentPostprocessing = 0;
		};
/* End PBXResourcesBuildPhase section */

/* Begin PBXShellScriptBuildPhase section */
		17CF2F44E5331D3648583F8F /* [CP] Embed Pods Frameworks */ = {
			isa = PBXShellScriptBuildPhase;
			buildActionMask = 2147483647;
			files = (
			);
			inputFileListPaths = (
				"${PODS_ROOT}/Target Support Files/Pods-GoogleMapGB/Pods-GoogleMapGB-frameworks-${CONFIGURATION}-input-files.xcfilelist",
			);
			name = "[CP] Embed Pods Frameworks";
			outputFileListPaths = (
				"${PODS_ROOT}/Target Support Files/Pods-GoogleMapGB/Pods-GoogleMapGB-frameworks-${CONFIGURATION}-output-files.xcfilelist",
			);
			runOnlyForDeploymentPostprocessing = 0;
			shellPath = /bin/sh;
			shellScript = "\"${PODS_ROOT}/Target Support Files/Pods-GoogleMapGB/Pods-GoogleMapGB-frameworks.sh\"\n";
			showEnvVarsInLog = 0;
		};
		256EFD61704FA6AF168111DF /* [CP] Copy Pods Resources */ = {
			isa = PBXShellScriptBuildPhase;
			buildActionMask = 2147483647;
			files = (
			);
			inputFileListPaths = (
				"${PODS_ROOT}/Target Support Files/Pods-GoogleMapGB/Pods-GoogleMapGB-resources-${CONFIGURATION}-input-files.xcfilelist",
			);
			name = "[CP] Copy Pods Resources";
			outputFileListPaths = (
				"${PODS_ROOT}/Target Support Files/Pods-GoogleMapGB/Pods-GoogleMapGB-resources-${CONFIGURATION}-output-files.xcfilelist",
			);
			runOnlyForDeploymentPostprocessing = 0;
			shellPath = /bin/sh;
			shellScript = "\"${PODS_ROOT}/Target Support Files/Pods-GoogleMapGB/Pods-GoogleMapGB-resources.sh\"\n";
			showEnvVarsInLog = 0;
		};
		C4A1059039205D2E2E96008D /* [CP] Check Pods Manifest.lock */ = {
			isa = PBXShellScriptBuildPhase;
			buildActionMask = 2147483647;
			files = (
			);
			inputFileListPaths = (
			);
			inputPaths = (
				"${PODS_PODFILE_DIR_PATH}/Podfile.lock",
				"${PODS_ROOT}/Manifest.lock",
			);
			name = "[CP] Check Pods Manifest.lock";
			outputFileListPaths = (
			);
			outputPaths = (
				"$(DERIVED_FILE_DIR)/Pods-GoogleMapGB-checkManifestLockResult.txt",
			);
			runOnlyForDeploymentPostprocessing = 0;
			shellPath = /bin/sh;
			shellScript = "diff \"${PODS_PODFILE_DIR_PATH}/Podfile.lock\" \"${PODS_ROOT}/Manifest.lock\" > /dev/null\nif [ $? != 0 ] ; then\n    # print error to STDERR\n    echo \"error: The sandbox is not in sync with the Podfile.lock. Run 'pod install' or update your CocoaPods installation.\" >&2\n    exit 1\nfi\n# This output is used by Xcode 'outputs' to avoid re-running this script phase.\necho \"SUCCESS\" > \"${SCRIPT_OUTPUT_FILE_0}\"\n";
			showEnvVarsInLog = 0;
		};
/* End PBXShellScriptBuildPhase section */

/* Begin PBXSourcesBuildPhase section */
		87DE783528328A6E00D6C9EA /* Sources */ = {
			isa = PBXSourcesBuildPhase;
			buildActionMask = 2147483647;
			files = (
				8725F2AB2858957E001412C0 /* ImagePicker.swift in Sources */,
				87DE784128328A6F00D6C9EA /* MapViewController.swift in Sources */,
				87441DE7283E7EC900E8B55F /* RegisterViewController.swift in Sources */,
				8730DB99283A7CE600BBF2BF /* Array.swift in Sources */,
				8730DB9D283A7D1800BBF2BF /* AllRealmDB.swift in Sources */,
				87441DDF283E7B9200E8B55F /* R.swift in Sources */,
				8730DB9B283A7D1000BBF2BF /* Location.swift in Sources */,
				87441DDD283E798500E8B55F /* LoginViewController.swift in Sources */,
				8724C2502844C68200D48FE5 /* StringCrypographic.swift in Sources */,
				871BC4F4284F851300784B19 /* LocationManager.swift in Sources */,
				87DE783D28328A6F00D6C9EA /* AppDelegate.swift in Sources */,
				87DE783F28328A6F00D6C9EA /* SceneDelegate.swift in Sources */,
				87441DDB283E78BA00E8B55F /* User.swift in Sources */,
				8725F2AD285895E7001412C0 /* UIImage.swift in Sources */,
			);
			runOnlyForDeploymentPostprocessing = 0;
		};
/* End PBXSourcesBuildPhase section */

/* Begin PBXVariantGroup section */
		87DE784228328A6F00D6C9EA /* MainMenu.storyboard */ = {
			isa = PBXVariantGroup;
			children = (
				87DE784328328A6F00D6C9EA /* Base */,
			);
			name = MainMenu.storyboard;
			sourceTree = "<group>";
		};
		87DE784728328A7100D6C9EA /* LaunchScreen.storyboard */ = {
			isa = PBXVariantGroup;
			children = (
				87DE784828328A7100D6C9EA /* Base */,
			);
			name = LaunchScreen.storyboard;
			sourceTree = "<group>";
		};
/* End PBXVariantGroup section */

/* Begin XCBuildConfiguration section */
		87DE784B28328A7100D6C9EA /* Debug */ = {
			isa = XCBuildConfiguration;
			buildSettings = {
				ALWAYS_SEARCH_USER_PATHS = NO;
				CLANG_ANALYZER_NONNULL = YES;
				CLANG_ANALYZER_NUMBER_OBJECT_CONVERSION = YES_AGGRESSIVE;
				CLANG_CXX_LANGUAGE_STANDARD = "gnu++17";
				CLANG_CXX_LIBRARY = "libc++";
				CLANG_ENABLE_MODULES = YES;
				CLANG_ENABLE_OBJC_ARC = YES;
				CLANG_ENABLE_OBJC_WEAK = YES;
				CLANG_WARN_BLOCK_CAPTURE_AUTORELEASING = YES;
				CLANG_WARN_BOOL_CONVERSION = YES;
				CLANG_WARN_COMMA = YES;
				CLANG_WARN_CONSTANT_CONVERSION = YES;
				CLANG_WARN_DEPRECATED_OBJC_IMPLEMENTATIONS = YES;
				CLANG_WARN_DIRECT_OBJC_ISA_USAGE = YES_ERROR;
				CLANG_WARN_DOCUMENTATION_COMMENTS = YES;
				CLANG_WARN_EMPTY_BODY = YES;
				CLANG_WARN_ENUM_CONVERSION = YES;
				CLANG_WARN_INFINITE_RECURSION = YES;
				CLANG_WARN_INT_CONVERSION = YES;
				CLANG_WARN_NON_LITERAL_NULL_CONVERSION = YES;
				CLANG_WARN_OBJC_IMPLICIT_RETAIN_SELF = YES;
				CLANG_WARN_OBJC_LITERAL_CONVERSION = YES;
				CLANG_WARN_OBJC_ROOT_CLASS = YES_ERROR;
				CLANG_WARN_QUOTED_INCLUDE_IN_FRAMEWORK_HEADER = YES;
				CLANG_WARN_RANGE_LOOP_ANALYSIS = YES;
				CLANG_WARN_STRICT_PROTOTYPES = YES;
				CLANG_WARN_SUSPICIOUS_MOVE = YES;
				CLANG_WARN_UNGUARDED_AVAILABILITY = YES_AGGRESSIVE;
				CLANG_WARN_UNREACHABLE_CODE = YES;
				CLANG_WARN__DUPLICATE_METHOD_MATCH = YES;
				COPY_PHASE_STRIP = NO;
				DEBUG_INFORMATION_FORMAT = dwarf;
				ENABLE_STRICT_OBJC_MSGSEND = YES;
				ENABLE_TESTABILITY = YES;
				GCC_C_LANGUAGE_STANDARD = gnu11;
				GCC_DYNAMIC_NO_PIC = NO;
				GCC_NO_COMMON_BLOCKS = YES;
				GCC_OPTIMIZATION_LEVEL = 0;
				GCC_PREPROCESSOR_DEFINITIONS = (
					"DEBUG=1",
					"$(inherited)",
				);
				GCC_WARN_64_TO_32_BIT_CONVERSION = YES;
				GCC_WARN_ABOUT_RETURN_TYPE = YES_ERROR;
				GCC_WARN_UNDECLARED_SELECTOR = YES;
				GCC_WARN_UNINITIALIZED_AUTOS = YES_AGGRESSIVE;
				GCC_WARN_UNUSED_FUNCTION = YES;
				GCC_WARN_UNUSED_VARIABLE = YES;
				IPHONEOS_DEPLOYMENT_TARGET = 15.2;
				MTL_ENABLE_DEBUG_INFO = INCLUDE_SOURCE;
				MTL_FAST_MATH = YES;
				ONLY_ACTIVE_ARCH = YES;
				SDKROOT = iphoneos;
				SWIFT_ACTIVE_COMPILATION_CONDITIONS = DEBUG;
				SWIFT_OPTIMIZATION_LEVEL = "-Onone";
			};
			name = Debug;
		};
		87DE784C28328A7100D6C9EA /* Release */ = {
			isa = XCBuildConfiguration;
			buildSettings = {
				ALWAYS_SEARCH_USER_PATHS = NO;
				CLANG_ANALYZER_NONNULL = YES;
				CLANG_ANALYZER_NUMBER_OBJECT_CONVERSION = YES_AGGRESSIVE;
				CLANG_CXX_LANGUAGE_STANDARD = "gnu++17";
				CLANG_CXX_LIBRARY = "libc++";
				CLANG_ENABLE_MODULES = YES;
				CLANG_ENABLE_OBJC_ARC = YES;
				CLANG_ENABLE_OBJC_WEAK = YES;
				CLANG_WARN_BLOCK_CAPTURE_AUTORELEASING = YES;
				CLANG_WARN_BOOL_CONVERSION = YES;
				CLANG_WARN_COMMA = YES;
				CLANG_WARN_CONSTANT_CONVERSION = YES;
				CLANG_WARN_DEPRECATED_OBJC_IMPLEMENTATIONS = YES;
				CLANG_WARN_DIRECT_OBJC_ISA_USAGE = YES_ERROR;
				CLANG_WARN_DOCUMENTATION_COMMENTS = YES;
				CLANG_WARN_EMPTY_BODY = YES;
				CLANG_WARN_ENUM_CONVERSION = YES;
				CLANG_WARN_INFINITE_RECURSION = YES;
				CLANG_WARN_INT_CONVERSION = YES;
				CLANG_WARN_NON_LITERAL_NULL_CONVERSION = YES;
				CLANG_WARN_OBJC_IMPLICIT_RETAIN_SELF = YES;
				CLANG_WARN_OBJC_LITERAL_CONVERSION = YES;
				CLANG_WARN_OBJC_ROOT_CLASS = YES_ERROR;
				CLANG_WARN_QUOTED_INCLUDE_IN_FRAMEWORK_HEADER = YES;
				CLANG_WARN_RANGE_LOOP_ANALYSIS = YES;
				CLANG_WARN_STRICT_PROTOTYPES = YES;
				CLANG_WARN_SUSPICIOUS_MOVE = YES;
				CLANG_WARN_UNGUARDED_AVAILABILITY = YES_AGGRESSIVE;
				CLANG_WARN_UNREACHABLE_CODE = YES;
				CLANG_WARN__DUPLICATE_METHOD_MATCH = YES;
				COPY_PHASE_STRIP = NO;
				DEBUG_INFORMATION_FORMAT = "dwarf-with-dsym";
				ENABLE_NS_ASSERTIONS = NO;
				ENABLE_STRICT_OBJC_MSGSEND = YES;
				GCC_C_LANGUAGE_STANDARD = gnu11;
				GCC_NO_COMMON_BLOCKS = YES;
				GCC_WARN_64_TO_32_BIT_CONVERSION = YES;
				GCC_WARN_ABOUT_RETURN_TYPE = YES_ERROR;
				GCC_WARN_UNDECLARED_SELECTOR = YES;
				GCC_WARN_UNINITIALIZED_AUTOS = YES_AGGRESSIVE;
				GCC_WARN_UNUSED_FUNCTION = YES;
				GCC_WARN_UNUSED_VARIABLE = YES;
				IPHONEOS_DEPLOYMENT_TARGET = 15.2;
				MTL_ENABLE_DEBUG_INFO = NO;
				MTL_FAST_MATH = YES;
				SDKROOT = iphoneos;
				SWIFT_COMPILATION_MODE = wholemodule;
				SWIFT_OPTIMIZATION_LEVEL = "-O";
				VALIDATE_PRODUCT = YES;
			};
			name = Release;
		};
		87DE784E28328A7100D6C9EA /* Debug */ = {
			isa = XCBuildConfiguration;
			baseConfigurationReference = CAEA187AE7F7F410A0650DAD /* Pods-GoogleMapGB.debug.xcconfig */;
			buildSettings = {
				ASSETCATALOG_COMPILER_APPICON_NAME = AppIcon;
				ASSETCATALOG_COMPILER_GLOBAL_ACCENT_COLOR_NAME = AccentColor;
				CODE_SIGN_STYLE = Automatic;
				CURRENT_PROJECT_VERSION = 1;
				DEVELOPMENT_TEAM = S5TSM2AJ6F;
				GENERATE_INFOPLIST_FILE = YES;
				INFOPLIST_FILE = GoogleMapGB/Info.plist;
				INFOPLIST_KEY_NSLocationAlwaysAndWhenInUseUsageDescription = "Дайте доступ";
				INFOPLIST_KEY_UIApplicationSupportsIndirectInputEvents = YES;
				INFOPLIST_KEY_UILaunchStoryboardName = LaunchScreen;
				INFOPLIST_KEY_UIMainStoryboardFile = Login;
				INFOPLIST_KEY_UISupportedInterfaceOrientations_iPad = "UIInterfaceOrientationPortrait UIInterfaceOrientationPortraitUpsideDown UIInterfaceOrientationLandscapeLeft UIInterfaceOrientationLandscapeRight";
				INFOPLIST_KEY_UISupportedInterfaceOrientations_iPhone = "UIInterfaceOrientationPortrait UIInterfaceOrientationLandscapeLeft UIInterfaceOrientationLandscapeRight";
				LD_RUNPATH_SEARCH_PATHS = (
					"$(inherited)",
					"@executable_path/Frameworks",
				);
				MARKETING_VERSION = 1.0;
				PRODUCT_BUNDLE_IDENTIFIER = com.AtrashkovNikita.GoogleMapGB;
				PRODUCT_NAME = "$(TARGET_NAME)";
				SWIFT_EMIT_LOC_STRINGS = YES;
				SWIFT_VERSION = 5.0;
				TARGETED_DEVICE_FAMILY = "1,2";
			};
			name = Debug;
		};
		87DE784F28328A7100D6C9EA /* Release */ = {
			isa = XCBuildConfiguration;
			baseConfigurationReference = 170720D96D289FDC520255AE /* Pods-GoogleMapGB.release.xcconfig */;
			buildSettings = {
				ASSETCATALOG_COMPILER_APPICON_NAME = AppIcon;
				ASSETCATALOG_COMPILER_GLOBAL_ACCENT_COLOR_NAME = AccentColor;
				CODE_SIGN_STYLE = Automatic;
				CURRENT_PROJECT_VERSION = 1;
				DEVELOPMENT_TEAM = S5TSM2AJ6F;
				GENERATE_INFOPLIST_FILE = YES;
				INFOPLIST_FILE = GoogleMapGB/Info.plist;
				INFOPLIST_KEY_NSLocationAlwaysAndWhenInUseUsageDescription = "Дайте доступ";
				INFOPLIST_KEY_UIApplicationSupportsIndirectInputEvents = YES;
				INFOPLIST_KEY_UILaunchStoryboardName = LaunchScreen;
				INFOPLIST_KEY_UIMainStoryboardFile = Login;
				INFOPLIST_KEY_UISupportedInterfaceOrientations_iPad = "UIInterfaceOrientationPortrait UIInterfaceOrientationPortraitUpsideDown UIInterfaceOrientationLandscapeLeft UIInterfaceOrientationLandscapeRight";
				INFOPLIST_KEY_UISupportedInterfaceOrientations_iPhone = "UIInterfaceOrientationPortrait UIInterfaceOrientationLandscapeLeft UIInterfaceOrientationLandscapeRight";
				LD_RUNPATH_SEARCH_PATHS = (
					"$(inherited)",
					"@executable_path/Frameworks",
				);
				MARKETING_VERSION = 1.0;
				PRODUCT_BUNDLE_IDENTIFIER = com.AtrashkovNikita.GoogleMapGB;
				PRODUCT_NAME = "$(TARGET_NAME)";
				SWIFT_EMIT_LOC_STRINGS = YES;
				SWIFT_VERSION = 5.0;
				TARGETED_DEVICE_FAMILY = "1,2";
			};
			name = Release;
		};
/* End XCBuildConfiguration section */

/* Begin XCConfigurationList section */
		87DE783428328A6E00D6C9EA /* Build configuration list for PBXProject "GoogleMapGB" */ = {
			isa = XCConfigurationList;
			buildConfigurations = (
				87DE784B28328A7100D6C9EA /* Debug */,
				87DE784C28328A7100D6C9EA /* Release */,
			);
			defaultConfigurationIsVisible = 0;
			defaultConfigurationName = Release;
		};
		87DE784D28328A7100D6C9EA /* Build configuration list for PBXNativeTarget "GoogleMapGB" */ = {
			isa = XCConfigurationList;
			buildConfigurations = (
				87DE784E28328A7100D6C9EA /* Debug */,
				87DE784F28328A7100D6C9EA /* Release */,
			);
			defaultConfigurationIsVisible = 0;
			defaultConfigurationName = Release;
		};
/* End XCConfigurationList section */
	};
	rootObject = 87DE783128328A6E00D6C9EA /* Project object */;
}
